
Microsoft Visual Studio Solution File, Format Version 12.00
# Visual Studio Version 17
VisualStudioVersion = 17.3.32922.545
MinimumVisualStudioVersion = 10.0.40219.1
Project("{FAE04EC0-301F-11D3-BF4B-00C04F79EFBC}") = "laba-14", "laba-14.csproj", "{567BD089-9E5D-4FAC-9CBB-F54B2EB83B59}"
EndProject
Global
	GlobalSection(SolutionConfigurationPlatforms) = preSolution
		Debug|Any CPU = Debug|Any CPU
		Release|Any CPU = Release|Any CPU
	EndGlobalSection
	GlobalSection(ProjectConfigurationPlatforms) = postSolution
		{567BD089-9E5D-4FAC-9CBB-F54B2EB83B59}.Debug|Any CPU.ActiveCfg = Debug|Any CPU
		{567BD089-9E5D-4FAC-9CBB-F54B2EB83B59}.Debug|Any CPU.Build.0 = Debug|Any CPU
		{567BD089-9E5D-4FAC-9CBB-F54B2EB83B59}.Release|Any CPU.ActiveCfg = Release|Any CPU
		{567BD089-9E5D-4FAC-9CBB-F54B2EB83B59}.Release|Any CPU.Build.0 = Release|Any CPU
	EndGlobalSection
	GlobalSection(SolutionProperties) = preSolution
		HideSolutionNode = FALSE
	EndGlobalSection
	GlobalSection(ExtensibilityGlobals) = postSolution
		SolutionGuid = {9EB61DE8-F8E5-4D6E-A261-8D794FE05EF3}
	EndGlobalSection
EndGlobal
