
Microsoft Visual Studio Solution File, Format Version 12.00
# Visual Studio Version 17
VisualStudioVersion = 17.3.32922.545
MinimumVisualStudioVersion = 10.0.40219.1
Project("{FAE04EC0-301F-11D3-BF4B-00C04F79EFBC}") = "5", "5.csproj", "{9E2FB5E4-D940-4322-8C6E-388544A2AEB5}"
EndProject
Global
	GlobalSection(SolutionConfigurationPlatforms) = preSolution
		Debug|Any CPU = Debug|Any CPU
		Release|Any CPU = Release|Any CPU
	EndGlobalSection
	GlobalSection(ProjectConfigurationPlatforms) = postSolution
		{9E2FB5E4-D940-4322-8C6E-388544A2AEB5}.Debug|Any CPU.ActiveCfg = Debug|Any CPU
		{9E2FB5E4-D940-4322-8C6E-388544A2AEB5}.Debug|Any CPU.Build.0 = Debug|Any CPU
		{9E2FB5E4-D940-4322-8C6E-388544A2AEB5}.Release|Any CPU.ActiveCfg = Release|Any CPU
		{9E2FB5E4-D940-4322-8C6E-388544A2AEB5}.Release|Any CPU.Build.0 = Release|Any CPU
	EndGlobalSection
	GlobalSection(SolutionProperties) = preSolution
		HideSolutionNode = FALSE
	EndGlobalSection
	GlobalSection(ExtensibilityGlobals) = postSolution
		SolutionGuid = {F81E7417-6ECF-4D40-B021-D713E807BCC4}
	EndGlobalSection
EndGlobal
