
Microsoft Visual Studio Solution File, Format Version 12.00
# Visual Studio Version 17
VisualStudioVersion = 17.3.32922.545
MinimumVisualStudioVersion = 10.0.40219.1
Project("{9A19103F-16F7-4668-BE54-9A1E7A4F7556}") = "TOEXAM", "TOEXAM.csproj", "{A9C438B5-1A64-4F38-A556-80F2836ECCB9}"
EndProject
Project("{9A19103F-16F7-4668-BE54-9A1E7A4F7556}") = "Var2", "..\Var2\Var2.csproj", "{C91491AE-8346-4361-9088-80B67401A719}"
EndProject
Project("{9A19103F-16F7-4668-BE54-9A1E7A4F7556}") = "Var3", "..\Var3\Var3.csproj", "{E43FED7B-882C-47E1-847D-053E772C8927}"
EndProject
Project("{9A19103F-16F7-4668-BE54-9A1E7A4F7556}") = "Var4", "..\Var4\Var4.csproj", "{8F5C5BCD-ABC9-489F-8D9D-A7EA6923F04E}"
EndProject
Project("{FAE04EC0-301F-11D3-BF4B-00C04F79EFBC}") = "Var5", "..\Var5\Var5.csproj", "{93FE171F-4237-45D7-BE81-E32AA1C90402}"
EndProject
Global
	GlobalSection(SolutionConfigurationPlatforms) = preSolution
		Debug|Any CPU = Debug|Any CPU
		Release|Any CPU = Release|Any CPU
	EndGlobalSection
	GlobalSection(ProjectConfigurationPlatforms) = postSolution
		{A9C438B5-1A64-4F38-A556-80F2836ECCB9}.Debug|Any CPU.ActiveCfg = Debug|Any CPU
		{A9C438B5-1A64-4F38-A556-80F2836ECCB9}.Debug|Any CPU.Build.0 = Debug|Any CPU
		{A9C438B5-1A64-4F38-A556-80F2836ECCB9}.Release|Any CPU.ActiveCfg = Release|Any CPU
		{A9C438B5-1A64-4F38-A556-80F2836ECCB9}.Release|Any CPU.Build.0 = Release|Any CPU
		{C91491AE-8346-4361-9088-80B67401A719}.Debug|Any CPU.ActiveCfg = Debug|Any CPU
		{C91491AE-8346-4361-9088-80B67401A719}.Debug|Any CPU.Build.0 = Debug|Any CPU
		{C91491AE-8346-4361-9088-80B67401A719}.Release|Any CPU.ActiveCfg = Release|Any CPU
		{C91491AE-8346-4361-9088-80B67401A719}.Release|Any CPU.Build.0 = Release|Any CPU
		{E43FED7B-882C-47E1-847D-053E772C8927}.Debug|Any CPU.ActiveCfg = Debug|Any CPU
		{E43FED7B-882C-47E1-847D-053E772C8927}.Debug|Any CPU.Build.0 = Debug|Any CPU
		{E43FED7B-882C-47E1-847D-053E772C8927}.Release|Any CPU.ActiveCfg = Release|Any CPU
		{E43FED7B-882C-47E1-847D-053E772C8927}.Release|Any CPU.Build.0 = Release|Any CPU
		{8F5C5BCD-ABC9-489F-8D9D-A7EA6923F04E}.Debug|Any CPU.ActiveCfg = Debug|Any CPU
		{8F5C5BCD-ABC9-489F-8D9D-A7EA6923F04E}.Debug|Any CPU.Build.0 = Debug|Any CPU
		{8F5C5BCD-ABC9-489F-8D9D-A7EA6923F04E}.Release|Any CPU.ActiveCfg = Release|Any CPU
		{8F5C5BCD-ABC9-489F-8D9D-A7EA6923F04E}.Release|Any CPU.Build.0 = Release|Any CPU
		{93FE171F-4237-45D7-BE81-E32AA1C90402}.Debug|Any CPU.ActiveCfg = Debug|Any CPU
		{93FE171F-4237-45D7-BE81-E32AA1C90402}.Debug|Any CPU.Build.0 = Debug|Any CPU
		{93FE171F-4237-45D7-BE81-E32AA1C90402}.Release|Any CPU.ActiveCfg = Release|Any CPU
		{93FE171F-4237-45D7-BE81-E32AA1C90402}.Release|Any CPU.Build.0 = Release|Any CPU
	EndGlobalSection
	GlobalSection(SolutionProperties) = preSolution
		HideSolutionNode = FALSE
	EndGlobalSection
	GlobalSection(ExtensibilityGlobals) = postSolution
		SolutionGuid = {B6027E4E-FB7E-4329-B106-FD1979F0CC09}
	EndGlobalSection
EndGlobal
